
Microsoft Visual Studio Solution File, Format Version 12.00
# Visual Studio Version 16
VisualStudioVersion = 16.0.28803.916
MinimumVisualStudioVersion = 10.0.40219.1
Project("{FAE04EC0-301F-11D3-BF4B-00C04F79EFBC}") = "Pratica_Aula09", "Pratica_Aula09\Pratica_Aula09.csproj", "{FC395063-0D2C-47C5-ABD4-AA88949841C3}"
EndProject
Global
	GlobalSection(SolutionConfigurationPlatforms) = preSolution
		Debug|Any CPU = Debug|Any CPU
		Release|Any CPU = Release|Any CPU
	EndGlobalSection
	GlobalSection(ProjectConfigurationPlatforms) = postSolution
		{FC395063-0D2C-47C5-ABD4-AA88949841C3}.Debug|Any CPU.ActiveCfg = Debug|Any CPU
		{FC395063-0D2C-47C5-ABD4-AA88949841C3}.Debug|Any CPU.Build.0 = Debug|Any CPU
		{FC395063-0D2C-47C5-ABD4-AA88949841C3}.Release|Any CPU.ActiveCfg = Release|Any CPU
		{FC395063-0D2C-47C5-ABD4-AA88949841C3}.Release|Any CPU.Build.0 = Release|Any CPU
	EndGlobalSection
	GlobalSection(SolutionProperties) = preSolution
		HideSolutionNode = FALSE
	EndGlobalSection
	GlobalSection(ExtensibilityGlobals) = postSolution
		SolutionGuid = {E767453F-9EF1-4A38-B1FB-7658D92001C9}
	EndGlobalSection
EndGlobal
