
Microsoft Visual Studio Solution File, Format Version 12.00
# Visual Studio Version 16
VisualStudioVersion = 16.0.28803.916
MinimumVisualStudioVersion = 10.0.40219.1
Project("{FAE04EC0-301F-11D3-BF4B-00C04F79EFBC}") = "PCalc", "PCalc\PCalc.csproj", "{4AA410A2-67B9-402D-A559-04504FC6A0E6}"
EndProject
Global
	GlobalSection(SolutionConfigurationPlatforms) = preSolution
		Debug|Any CPU = Debug|Any CPU
		Release|Any CPU = Release|Any CPU
	EndGlobalSection
	GlobalSection(ProjectConfigurationPlatforms) = postSolution
		{4AA410A2-67B9-402D-A559-04504FC6A0E6}.Debug|Any CPU.ActiveCfg = Debug|Any CPU
		{4AA410A2-67B9-402D-A559-04504FC6A0E6}.Debug|Any CPU.Build.0 = Debug|Any CPU
		{4AA410A2-67B9-402D-A559-04504FC6A0E6}.Release|Any CPU.ActiveCfg = Release|Any CPU
		{4AA410A2-67B9-402D-A559-04504FC6A0E6}.Release|Any CPU.Build.0 = Release|Any CPU
	EndGlobalSection
	GlobalSection(SolutionProperties) = preSolution
		HideSolutionNode = FALSE
	EndGlobalSection
	GlobalSection(ExtensibilityGlobals) = postSolution
		SolutionGuid = {0E383505-A4D1-473B-B82C-9B87A92EA146}
	EndGlobalSection
EndGlobal
